
Microsoft Visual Studio Solution File, Format Version 12.00
# Visual Studio Version 17
VisualStudioVersion = 17.14.36310.24
MinimumVisualStudioVersion = 10.0.40219.1
Project("{FAE04EC0-301F-11D3-BF4B-00C04F79EFBC}") = "Blazor.BrowserExtension.Authentication.Microsoft", "Blazor.BrowserExtension.Authentication.Microsoft\Blazor.BrowserExtension.Authentication.Microsoft.csproj", "{42454F44-C7FD-4737-B7DE-06922F0A9FD6}"
EndProject
Project("{2150E333-8FDC-42A3-9474-1A3956D46DE8}") = "Solution Items", "Solution Items", "{089100B1-113F-4E66-888A-E83F3999EAFD}"
	ProjectSection(SolutionItems) = preProject
		README.md = README.md
	EndProjectSection
EndProject
Global
	GlobalSection(SolutionConfigurationPlatforms) = preSolution
		Debug|Any CPU = Debug|Any CPU
		Release|Any CPU = Release|Any CPU
	EndGlobalSection
	GlobalSection(ProjectConfigurationPlatforms) = postSolution
		{42454F44-C7FD-4737-B7DE-06922F0A9FD6}.Debug|Any CPU.ActiveCfg = Debug|Any CPU
		{42454F44-C7FD-4737-B7DE-06922F0A9FD6}.Debug|Any CPU.Build.0 = Debug|Any CPU
		{42454F44-C7FD-4737-B7DE-06922F0A9FD6}.Release|Any CPU.ActiveCfg = Release|Any CPU
		{42454F44-C7FD-4737-B7DE-06922F0A9FD6}.Release|Any CPU.Build.0 = Release|Any CPU
	EndGlobalSection
	GlobalSection(SolutionProperties) = preSolution
		HideSolutionNode = FALSE
	EndGlobalSection
	GlobalSection(ExtensibilityGlobals) = postSolution
		SolutionGuid = {36F96013-6897-4BBA-B452-5397695E7EBE}
	EndGlobalSection
EndGlobal
